
Microsoft Visual Studio Solution File, Format Version 12.00
# Visual Studio 15
VisualStudioVersion = 15.0.27130.2010
MinimumVisualStudioVersion = 10.0.40219.1
Project("{8BC9CEB8-8B4A-11D0-8D11-00A0C91BC942}") = "Reddit", "Reddit\Reddit.vcxproj", "{ADC69F9B-B97D-433E-BCB5-0925166CC729}"
EndProject
Project("{8BC9CEB8-8B4A-11D0-8D11-00A0C91BC942}") = "TreeViewControl", "TreeView\TreeViewControl.vcxproj", "{003839EF-FC81-523C-90E7-4C549425E4EB}"
EndProject
Project("{FAE04EC0-301F-11D3-BF4B-00C04F79EFBC}") = "ExpanderControl", "ExpanderControl\ExpanderControl.csproj", "{5FEDF244-C801-458C-BC7D-CD394550F907}"
EndProject
Project("{888888A0-9F3D-457C-B088-3A5042F75D52}") = "cacheupdater", "cacheupdater\cacheupdater.pyproj", "{B27F9A63-5C1B-42D0-90E4-2EF141C51B24}"
EndProject
Project("{8BC9CEB8-8B4A-11D0-8D11-00A0C91BC942}") = "md4clib", "md4clib\md4clib.vcxproj", "{620A027A-A692-424F-94BD-807BD4494FDC}"
EndProject
Project("{8BC9CEB8-8B4A-11D0-8D11-00A0C91BC942}") = "mdblock", "..\..\..\source\repos\mdblock\mdblock\mdblock.vcxproj", "{67016182-E5CA-4BF0-A85F-C04A1730538A}"
EndProject
Global
	GlobalSection(SolutionConfigurationPlatforms) = preSolution
		Debug|Any CPU = Debug|Any CPU
		Debug|ARM = Debug|ARM
		Debug|x64 = Debug|x64
		Debug|x86 = Debug|x86
		Release|Any CPU = Release|Any CPU
		Release|ARM = Release|ARM
		Release|x64 = Release|x64
		Release|x86 = Release|x86
	EndGlobalSection
	GlobalSection(ProjectConfigurationPlatforms) = postSolution
		{ADC69F9B-B97D-433E-BCB5-0925166CC729}.Debug|Any CPU.ActiveCfg = Release|Win32
		{ADC69F9B-B97D-433E-BCB5-0925166CC729}.Debug|ARM.ActiveCfg = Release|ARM
		{ADC69F9B-B97D-433E-BCB5-0925166CC729}.Debug|ARM.Build.0 = Release|ARM
		{ADC69F9B-B97D-433E-BCB5-0925166CC729}.Debug|ARM.Deploy.0 = Release|ARM
		{ADC69F9B-B97D-433E-BCB5-0925166CC729}.Debug|x64.ActiveCfg = Debug|x64
		{ADC69F9B-B97D-433E-BCB5-0925166CC729}.Debug|x64.Build.0 = Debug|x64
		{ADC69F9B-B97D-433E-BCB5-0925166CC729}.Debug|x64.Deploy.0 = Debug|x64
		{ADC69F9B-B97D-433E-BCB5-0925166CC729}.Debug|x86.ActiveCfg = Debug|Win32
		{ADC69F9B-B97D-433E-BCB5-0925166CC729}.Debug|x86.Build.0 = Debug|Win32
		{ADC69F9B-B97D-433E-BCB5-0925166CC729}.Debug|x86.Deploy.0 = Debug|Win32
		{ADC69F9B-B97D-433E-BCB5-0925166CC729}.Release|Any CPU.ActiveCfg = Release|Win32
		{ADC69F9B-B97D-433E-BCB5-0925166CC729}.Release|ARM.ActiveCfg = Release|ARM
		{ADC69F9B-B97D-433E-BCB5-0925166CC729}.Release|ARM.Build.0 = Release|ARM
		{ADC69F9B-B97D-433E-BCB5-0925166CC729}.Release|ARM.Deploy.0 = Release|ARM
		{ADC69F9B-B97D-433E-BCB5-0925166CC729}.Release|x64.ActiveCfg = Release|x64
		{ADC69F9B-B97D-433E-BCB5-0925166CC729}.Release|x64.Build.0 = Release|x64
		{ADC69F9B-B97D-433E-BCB5-0925166CC729}.Release|x64.Deploy.0 = Release|x64
		{ADC69F9B-B97D-433E-BCB5-0925166CC729}.Release|x86.ActiveCfg = Release|Win32
		{ADC69F9B-B97D-433E-BCB5-0925166CC729}.Release|x86.Build.0 = Release|Win32
		{ADC69F9B-B97D-433E-BCB5-0925166CC729}.Release|x86.Deploy.0 = Release|Win32
		{003839EF-FC81-523C-90E7-4C549425E4EB}.Debug|Any CPU.ActiveCfg = Release|Win32
		{003839EF-FC81-523C-90E7-4C549425E4EB}.Debug|ARM.ActiveCfg = Release|ARM
		{003839EF-FC81-523C-90E7-4C549425E4EB}.Debug|ARM.Build.0 = Release|ARM
		{003839EF-FC81-523C-90E7-4C549425E4EB}.Debug|x64.ActiveCfg = Debug|x64
		{003839EF-FC81-523C-90E7-4C549425E4EB}.Debug|x64.Build.0 = Debug|x64
		{003839EF-FC81-523C-90E7-4C549425E4EB}.Debug|x86.ActiveCfg = Debug|Win32
		{003839EF-FC81-523C-90E7-4C549425E4EB}.Debug|x86.Build.0 = Debug|Win32
		{003839EF-FC81-523C-90E7-4C549425E4EB}.Release|Any CPU.ActiveCfg = Release|Win32
		{003839EF-FC81-523C-90E7-4C549425E4EB}.Release|ARM.ActiveCfg = Release|ARM
		{003839EF-FC81-523C-90E7-4C549425E4EB}.Release|ARM.Build.0 = Release|ARM
		{003839EF-FC81-523C-90E7-4C549425E4EB}.Release|x64.ActiveCfg = Release|x64
		{003839EF-FC81-523C-90E7-4C549425E4EB}.Release|x64.Build.0 = Release|x64
		{003839EF-FC81-523C-90E7-4C549425E4EB}.Release|x86.ActiveCfg = Release|Win32
		{003839EF-FC81-523C-90E7-4C549425E4EB}.Release|x86.Build.0 = Release|Win32
		{5FEDF244-C801-458C-BC7D-CD394550F907}.Debug|Any CPU.ActiveCfg = Release|Any CPU
		{5FEDF244-C801-458C-BC7D-CD394550F907}.Debug|Any CPU.Build.0 = Release|Any CPU
		{5FEDF244-C801-458C-BC7D-CD394550F907}.Debug|ARM.ActiveCfg = Release|ARM
		{5FEDF244-C801-458C-BC7D-CD394550F907}.Debug|ARM.Build.0 = Release|ARM
		{5FEDF244-C801-458C-BC7D-CD394550F907}.Debug|x64.ActiveCfg = Debug|x64
		{5FEDF244-C801-458C-BC7D-CD394550F907}.Debug|x64.Build.0 = Debug|x64
		{5FEDF244-C801-458C-BC7D-CD394550F907}.Debug|x86.ActiveCfg = Debug|x86
		{5FEDF244-C801-458C-BC7D-CD394550F907}.Debug|x86.Build.0 = Debug|x86
		{5FEDF244-C801-458C-BC7D-CD394550F907}.Release|Any CPU.ActiveCfg = Release|Any CPU
		{5FEDF244-C801-458C-BC7D-CD394550F907}.Release|Any CPU.Build.0 = Release|Any CPU
		{5FEDF244-C801-458C-BC7D-CD394550F907}.Release|ARM.ActiveCfg = Release|ARM
		{5FEDF244-C801-458C-BC7D-CD394550F907}.Release|ARM.Build.0 = Release|ARM
		{5FEDF244-C801-458C-BC7D-CD394550F907}.Release|x64.ActiveCfg = Release|x64
		{5FEDF244-C801-458C-BC7D-CD394550F907}.Release|x64.Build.0 = Release|x64
		{5FEDF244-C801-458C-BC7D-CD394550F907}.Release|x86.ActiveCfg = Release|x86
		{5FEDF244-C801-458C-BC7D-CD394550F907}.Release|x86.Build.0 = Release|x86
		{B27F9A63-5C1B-42D0-90E4-2EF141C51B24}.Debug|Any CPU.ActiveCfg = Release|Any CPU
		{B27F9A63-5C1B-42D0-90E4-2EF141C51B24}.Debug|ARM.ActiveCfg = Release|Any CPU
		{B27F9A63-5C1B-42D0-90E4-2EF141C51B24}.Debug|x64.ActiveCfg = Debug|Any CPU
		{B27F9A63-5C1B-42D0-90E4-2EF141C51B24}.Debug|x86.ActiveCfg = Debug|Any CPU
		{B27F9A63-5C1B-42D0-90E4-2EF141C51B24}.Release|Any CPU.ActiveCfg = Release|Any CPU
		{B27F9A63-5C1B-42D0-90E4-2EF141C51B24}.Release|ARM.ActiveCfg = Release|Any CPU
		{B27F9A63-5C1B-42D0-90E4-2EF141C51B24}.Release|x64.ActiveCfg = Release|Any CPU
		{B27F9A63-5C1B-42D0-90E4-2EF141C51B24}.Release|x86.ActiveCfg = Release|Any CPU
		{620A027A-A692-424F-94BD-807BD4494FDC}.Debug|Any CPU.ActiveCfg = Release|Win32
		{620A027A-A692-424F-94BD-807BD4494FDC}.Debug|ARM.ActiveCfg = Release|ARM
		{620A027A-A692-424F-94BD-807BD4494FDC}.Debug|ARM.Build.0 = Release|ARM
		{620A027A-A692-424F-94BD-807BD4494FDC}.Debug|x64.ActiveCfg = Debug|x64
		{620A027A-A692-424F-94BD-807BD4494FDC}.Debug|x64.Build.0 = Debug|x64
		{620A027A-A692-424F-94BD-807BD4494FDC}.Debug|x86.ActiveCfg = Debug|Win32
		{620A027A-A692-424F-94BD-807BD4494FDC}.Debug|x86.Build.0 = Debug|Win32
		{620A027A-A692-424F-94BD-807BD4494FDC}.Release|Any CPU.ActiveCfg = Release|Win32
		{620A027A-A692-424F-94BD-807BD4494FDC}.Release|ARM.ActiveCfg = Release|ARM
		{620A027A-A692-424F-94BD-807BD4494FDC}.Release|ARM.Build.0 = Release|ARM
		{620A027A-A692-424F-94BD-807BD4494FDC}.Release|x64.ActiveCfg = Release|x64
		{620A027A-A692-424F-94BD-807BD4494FDC}.Release|x64.Build.0 = Release|x64
		{620A027A-A692-424F-94BD-807BD4494FDC}.Release|x86.ActiveCfg = Release|Win32
		{620A027A-A692-424F-94BD-807BD4494FDC}.Release|x86.Build.0 = Release|Win32
		{67016182-E5CA-4BF0-A85F-C04A1730538A}.Debug|Any CPU.ActiveCfg = Debug|Win32
		{67016182-E5CA-4BF0-A85F-C04A1730538A}.Debug|ARM.ActiveCfg = Debug|ARM
		{67016182-E5CA-4BF0-A85F-C04A1730538A}.Debug|ARM.Build.0 = Debug|ARM
		{67016182-E5CA-4BF0-A85F-C04A1730538A}.Debug|x64.ActiveCfg = Debug|x64
		{67016182-E5CA-4BF0-A85F-C04A1730538A}.Debug|x64.Build.0 = Debug|x64
		{67016182-E5CA-4BF0-A85F-C04A1730538A}.Debug|x86.ActiveCfg = Debug|Win32
		{67016182-E5CA-4BF0-A85F-C04A1730538A}.Debug|x86.Build.0 = Debug|Win32
		{67016182-E5CA-4BF0-A85F-C04A1730538A}.Release|Any CPU.ActiveCfg = Release|Win32
		{67016182-E5CA-4BF0-A85F-C04A1730538A}.Release|ARM.ActiveCfg = Release|ARM
		{67016182-E5CA-4BF0-A85F-C04A1730538A}.Release|ARM.Build.0 = Release|ARM
		{67016182-E5CA-4BF0-A85F-C04A1730538A}.Release|x64.ActiveCfg = Release|x64
		{67016182-E5CA-4BF0-A85F-C04A1730538A}.Release|x64.Build.0 = Release|x64
		{67016182-E5CA-4BF0-A85F-C04A1730538A}.Release|x86.ActiveCfg = Release|Win32
		{67016182-E5CA-4BF0-A85F-C04A1730538A}.Release|x86.Build.0 = Release|Win32
	EndGlobalSection
	GlobalSection(SolutionProperties) = preSolution
		HideSolutionNode = FALSE
	EndGlobalSection
	GlobalSection(ExtensibilityGlobals) = postSolution
		SolutionGuid = {6139ED24-9841-4E57-B67E-F619A9C18C98}
	EndGlobalSection
EndGlobal
